
Microsoft Visual Studio Solution File, Format Version 12.00
# Visual Studio Version 16
VisualStudioVersion = 16.0.31515.178
MinimumVisualStudioVersion = 10.0.40219.1
Project("{8BC9CEB8-8B4A-11D0-8D11-00A0C91BC942}") = "Calculator", "Calculator.vcxproj", "{88B7D2AA-DDE5-4012-B846-D2EA52260918}"
EndProject
Global
	GlobalSection(SolutionConfigurationPlatforms) = preSolution
		Debug|x64 = Debug|x64
		Debug|x86 = Debug|x86
		Release|x64 = Release|x64
		Release|x86 = Release|x86
	EndGlobalSection
	GlobalSection(ProjectConfigurationPlatforms) = postSolution
		{88B7D2AA-DDE5-4012-B846-D2EA52260918}.Debug|x64.ActiveCfg = Debug|x64
		{88B7D2AA-DDE5-4012-B846-D2EA52260918}.Debug|x64.Build.0 = Debug|x64
		{88B7D2AA-DDE5-4012-B846-D2EA52260918}.Debug|x86.ActiveCfg = Debug|Win32
		{88B7D2AA-DDE5-4012-B846-D2EA52260918}.Debug|x86.Build.0 = Debug|Win32
		{88B7D2AA-DDE5-4012-B846-D2EA52260918}.Release|x64.ActiveCfg = Release|x64
		{88B7D2AA-DDE5-4012-B846-D2EA52260918}.Release|x64.Build.0 = Release|x64
		{88B7D2AA-DDE5-4012-B846-D2EA52260918}.Release|x86.ActiveCfg = Release|Win32
		{88B7D2AA-DDE5-4012-B846-D2EA52260918}.Release|x86.Build.0 = Release|Win32
	EndGlobalSection
	GlobalSection(SolutionProperties) = preSolution
		HideSolutionNode = FALSE
	EndGlobalSection
	GlobalSection(ExtensibilityGlobals) = postSolution
		SolutionGuid = {D4213ABB-E67D-434F-853F-B258608F2A34}
	EndGlobalSection
EndGlobal
